{
  "name": "with-firebase-auth-iron-session",
  "version": "0.1.0",
  "lockfileVersion": 1,
  "requires": true,
  "dependencies": {
    "@firebase/analytics": {
      "version": "0.3.4",
      "resolved": "https://registry.npmjs.org/@firebase/analytics/-/analytics-0.3.4.tgz",
      "integrity": "sha512-x5Hxj3B9Zm4H6CEjMD/J86WjmiX9C6AhBBltaYzWMtqkqa/WvvWMicl4MpwZXjOdBbOd286oGgJPFqQMUYI/WQ==",
      "requires": {
        "@firebase/analytics-types": "0.3.0",
        "@firebase/component": "0.1.11",
        "@firebase/installations": "0.4.9",
        "@firebase/logger": "0.2.3",
        "@firebase/util": "0.2.46",
        "tslib": "1.11.1"
      },
      "dependencies": {
        "tslib": {
          "version": "1.11.1",
          "resolved": "https://registry.npmjs.org/tslib/-/tslib-1.11.1.tgz",
          "integrity": "sha512-aZW88SY8kQbU7gpV19lN24LtXh/yD4ZZg6qieAJDDg+YBsJcSmLGK9QpnUjAKVG/xefmvJGd1WUmfpT/g6AJGA=="
        }
      }
    },
    "@firebase/analytics-types": {
      "version": "0.3.0",
      "resolved": "https://registry.npmjs.org/@firebase/analytics-types/-/analytics-types-0.3.0.tgz",
      "integrity": "sha512-0AJ6xn53Qn0D/YOVHHvlWFfnzzRSdd98Lr8Oqe1PJ2HPIN+o7qf03YmOG7fLpR1uplcWd+7vGKmxUrN3jKUBwg=="
    },
    "@firebase/app": {
      "version": "0.6.3",
      "resolved": "https://registry.npmjs.org/@firebase/app/-/app-0.6.3.tgz",
      "integrity": "sha512-59Q/XNi+QyV1GOvxN+BusoKjqDKUjDupePDhlT6SqvFdvb03TjG03fSfurhXGXmTk6f500aOIyVJ8UlYpTYrsg==",
      "requires": {
        "@firebase/app-types": "0.6.0",
        "@firebase/component": "0.1.11",
        "@firebase/logger": "0.2.3",
        "@firebase/util": "0.2.46",
        "dom-storage": "2.1.0",
        "tslib": "1.11.1",
        "xmlhttprequest": "1.8.0"
      },
      "dependencies": {
        "tslib": {
          "version": "1.11.1",
          "resolved": "https://registry.npmjs.org/tslib/-/tslib-1.11.1.tgz",
          "integrity": "sha512-aZW88SY8kQbU7gpV19lN24LtXh/yD4ZZg6qieAJDDg+YBsJcSmLGK9QpnUjAKVG/xefmvJGd1WUmfpT/g6AJGA=="
        }
      }
    },
    "@firebase/app-types": {
      "version": "0.6.0",
      "resolved": "https://registry.npmjs.org/@firebase/app-types/-/app-types-0.6.0.tgz",
      "integrity": "sha512-ld6rzjXk/SUauHiQZJkeuSJpxIZ5wdnWuF5fWBFQNPaxsaJ9kyYg9GqEvwZ1z2e6JP5cU9gwRBlfW1WkGtGDYA=="
    },
    "@firebase/auth": {
      "version": "0.14.5",
      "resolved": "https://registry.npmjs.org/@firebase/auth/-/auth-0.14.5.tgz",
      "integrity": "sha512-76ejEQrJ81s2ZI2RV/AoZnw3sDl7dZSpaJJtPlhqlahymtQ2sSeAZJAmECcTB27PF6EeCdRhB9qOIKGAEAhbJg==",
      "requires": {
        "@firebase/auth-types": "0.10.0"
      }
    },
    "@firebase/auth-interop-types": {
      "version": "0.1.4",
      "resolved": "https://registry.npmjs.org/@firebase/auth-interop-types/-/auth-interop-types-0.1.4.tgz",
      "integrity": "sha512-CLKNS84KGAv5lRnHTQZFWoR11Ti7gIPFirDDXWek/fSU+TdYdnxJFR5XSD4OuGyzUYQ3Dq7aVj5teiRdyBl9hA=="
    },
    "@firebase/auth-types": {
      "version": "0.10.0",
      "resolved": "https://registry.npmjs.org/@firebase/auth-types/-/auth-types-0.10.0.tgz",
      "integrity": "sha512-VuW7c+RAk3AYPU0Hxmun3RzXn7fbJDdjQbxvvpRMnQ9zrhk8mH42cY466M0n4e/UGQ+0smlx5BqZII8aYQ5XPg=="
    },
    "@firebase/component": {
      "version": "0.1.11",
      "resolved": "https://registry.npmjs.org/@firebase/component/-/component-0.1.11.tgz",
      "integrity": "sha512-HZ0fwtv8/b3KV4NUOqlcIr03+CpBKW0F1Jo6/HJ39AutS6XXbM2jtpXOd1wMq9lbhBHgEwt1sMPNKoPR1bFflQ==",
      "requires": {
        "@firebase/util": "0.2.46",
        "tslib": "1.11.1"
      },
      "dependencies": {
        "tslib": {
          "version": "1.11.1",
          "resolved": "https://registry.npmjs.org/tslib/-/tslib-1.11.1.tgz",
          "integrity": "sha512-aZW88SY8kQbU7gpV19lN24LtXh/yD4ZZg6qieAJDDg+YBsJcSmLGK9QpnUjAKVG/xefmvJGd1WUmfpT/g6AJGA=="
        }
      }
    },
    "@firebase/database": {
      "version": "0.6.2",
      "resolved": "https://registry.npmjs.org/@firebase/database/-/database-0.6.2.tgz",
      "integrity": "sha512-0D0WOqYlNg3NMi0hJPx18tun6FMfr31d1dZB0Lai0K5jScBhPr2h4Fy7yp5lyOklwDSAoBYxmpX4nzHuDheL9Q==",
      "requires": {
        "@firebase/auth-interop-types": "0.1.4",
        "@firebase/component": "0.1.11",
        "@firebase/database-types": "0.5.0",
        "@firebase/logger": "0.2.3",
        "@firebase/util": "0.2.46",
        "faye-websocket": "0.11.3",
        "tslib": "1.11.1"
      },
      "dependencies": {
        "tslib": {
          "version": "1.11.1",
          "resolved": "https://registry.npmjs.org/tslib/-/tslib-1.11.1.tgz",
          "integrity": "sha512-aZW88SY8kQbU7gpV19lN24LtXh/yD4ZZg6qieAJDDg+YBsJcSmLGK9QpnUjAKVG/xefmvJGd1WUmfpT/g6AJGA=="
        }
      }
    },
    "@firebase/database-types": {
      "version": "0.5.0",
      "resolved": "https://registry.npmjs.org/@firebase/database-types/-/database-types-0.5.0.tgz",
      "integrity": "sha512-6/W3frFznYOALtw2nrWVPK2ytgdl89CzTqVBHCCGf22wT6uKU63iDBo+Nw+7olFGpD15O0zwYalFIcMZ27tkew==",
      "requires": {
        "@firebase/app-types": "0.6.0"
      }
    },
    "@firebase/firestore": {
      "version": "1.14.3",
      "resolved": "https://registry.npmjs.org/@firebase/firestore/-/firestore-1.14.3.tgz",
      "integrity": "sha512-vmkXa5Msumutf0ZQjF8AQQwXr4mXI7D8TBbI44w+CMQEnKcD5MW7Dr1SmCTWy8+kNAAFwdA6lCiUtDY5Gx/Hlw==",
      "requires": {
        "@firebase/component": "0.1.11",
        "@firebase/firestore-types": "1.10.1",
        "@firebase/logger": "0.2.3",
        "@firebase/util": "0.2.46",
        "@firebase/webchannel-wrapper": "0.2.40",
        "@grpc/grpc-js": "0.8.1",
        "@grpc/proto-loader": "^0.5.0",
        "tslib": "1.11.1"
      },
      "dependencies": {
        "tslib": {
          "version": "1.11.1",
          "resolved": "https://registry.npmjs.org/tslib/-/tslib-1.11.1.tgz",
          "integrity": "sha512-aZW88SY8kQbU7gpV19lN24LtXh/yD4ZZg6qieAJDDg+YBsJcSmLGK9QpnUjAKVG/xefmvJGd1WUmfpT/g6AJGA=="
        }
      }
    },
    "@firebase/firestore-types": {
      "version": "1.10.1",
      "resolved": "https://registry.npmjs.org/@firebase/firestore-types/-/firestore-types-1.10.1.tgz",
      "integrity": "sha512-vyKdm+AYUFT8XeUX62IOqaqPFCs/mAMoSEsqIz9HnSVsqCw/IocNjtjSa+3M80kRw4V8fI7JI+Xz6Wg5VJXLqA=="
    },
    "@firebase/functions": {
      "version": "0.4.43",
      "resolved": "https://registry.npmjs.org/@firebase/functions/-/functions-0.4.43.tgz",
      "integrity": "sha512-9cBGRr5JPcshtdUPpWuzsRIVPcWWNncK97QWBoFakVymPjvFNS3r0ZxD3hSUr9i05VrZdrqJfdljTNm8eEmJiA==",
      "requires": {
        "@firebase/component": "0.1.11",
        "@firebase/functions-types": "0.3.16",
        "@firebase/messaging-types": "0.4.4",
        "isomorphic-fetch": "2.2.1",
        "tslib": "1.11.1"
      },
      "dependencies": {
        "tslib": {
          "version": "1.11.1",
          "resolved": "https://registry.npmjs.org/tslib/-/tslib-1.11.1.tgz",
          "integrity": "sha512-aZW88SY8kQbU7gpV19lN24LtXh/yD4ZZg6qieAJDDg+YBsJcSmLGK9QpnUjAKVG/xefmvJGd1WUmfpT/g6AJGA=="
        }
      }
    },
    "@firebase/functions-types": {
      "version": "0.3.16",
      "resolved": "https://registry.npmjs.org/@firebase/functions-types/-/functions-types-0.3.16.tgz",
      "integrity": "sha512-kHhBvSYiY2prY4vNQCALYs1+OruTdylvGemHG6G6Bs/rj3qw7ui3WysBsDU/rInJitHIcsZ35qrtanoJeQUIXQ=="
    },
    "@firebase/installations": {
      "version": "0.4.9",
      "resolved": "https://registry.npmjs.org/@firebase/installations/-/installations-0.4.9.tgz",
      "integrity": "sha512-5oY3iycidoK2MhNl4GiFYn/B9rbW69VLpH54EGEFl1UruGk464WyqC7RhJxYl8bUkFwZ4gg99MXMq/JhF0vcJA==",
      "requires": {
        "@firebase/component": "0.1.11",
        "@firebase/installations-types": "0.3.3",
        "@firebase/util": "0.2.46",
        "idb": "3.0.2",
        "tslib": "1.11.1"
      },
      "dependencies": {
        "tslib": {
          "version": "1.11.1",
          "resolved": "https://registry.npmjs.org/tslib/-/tslib-1.11.1.tgz",
          "integrity": "sha512-aZW88SY8kQbU7gpV19lN24LtXh/yD4ZZg6qieAJDDg+YBsJcSmLGK9QpnUjAKVG/xefmvJGd1WUmfpT/g6AJGA=="
        }
      }
    },
    "@firebase/installations-types": {
      "version": "0.3.3",
      "resolved": "https://registry.npmjs.org/@firebase/installations-types/-/installations-types-0.3.3.tgz",
      "integrity": "sha512-XvWhPPAGeZlc+CfCA8jTt2pv19Jovi/nUV73u30QbjBbk5xci9bp5I29aBZukHsR6YNBjFCLSkLPbno4m/bLUg=="
    },
    "@firebase/logger": {
      "version": "0.2.3",
      "resolved": "https://registry.npmjs.org/@firebase/logger/-/logger-0.2.3.tgz",
      "integrity": "sha512-PrYcr1bWF+QpVnFxvNSZYBAzgL1WJFWIOvoLAfvRoXiinwqh1jbePN6lXbX7c8THaNUelEYIUOzDPdJ4IZ5+Sw=="
    },
    "@firebase/messaging": {
      "version": "0.6.15",
      "resolved": "https://registry.npmjs.org/@firebase/messaging/-/messaging-0.6.15.tgz",
      "integrity": "sha512-WswV3JtxAgqc0LPQtIBdMWJdMhVZu7gKF6MO5ETIpNaLZZ0QayYNu5+G9btoZz218HB/gvUp2NFX43OWAsqdZw==",
      "requires": {
        "@firebase/component": "0.1.11",
        "@firebase/installations": "0.4.9",
        "@firebase/messaging-types": "0.4.4",
        "@firebase/util": "0.2.46",
        "idb": "3.0.2",
        "tslib": "1.11.1"
      },
      "dependencies": {
        "tslib": {
          "version": "1.11.1",
          "resolved": "https://registry.npmjs.org/tslib/-/tslib-1.11.1.tgz",
          "integrity": "sha512-aZW88SY8kQbU7gpV19lN24LtXh/yD4ZZg6qieAJDDg+YBsJcSmLGK9QpnUjAKVG/xefmvJGd1WUmfpT/g6AJGA=="
        }
      }
    },
    "@firebase/messaging-types": {
      "version": "0.4.4",
      "resolved": "https://registry.npmjs.org/@firebase/messaging-types/-/messaging-types-0.4.4.tgz",
      "integrity": "sha512-JGtkr+1A1Dw7+yCqQigqBfGKtq0gTCruFScBD4MVjqZHiqGIYpnQisWnpGbkzPR6aOt6iQxgwxUhHG1ulUQGeg=="
    },
    "@firebase/performance": {
      "version": "0.3.3",
      "resolved": "https://registry.npmjs.org/@firebase/performance/-/performance-0.3.3.tgz",
      "integrity": "sha512-YcoMnJWnlSQwi+eL1BDLWK7/sMlFoT7+TSJjN/C5loOZ3HWLATziGzevQSZkpajyXZ8nOylVhEGHABLHM0qqNA==",
      "requires": {
        "@firebase/component": "0.1.11",
        "@firebase/installations": "0.4.9",
        "@firebase/logger": "0.2.3",
        "@firebase/performance-types": "0.0.12",
        "@firebase/util": "0.2.46",
        "tslib": "1.11.1"
      },
      "dependencies": {
        "tslib": {
          "version": "1.11.1",
          "resolved": "https://registry.npmjs.org/tslib/-/tslib-1.11.1.tgz",
          "integrity": "sha512-aZW88SY8kQbU7gpV19lN24LtXh/yD4ZZg6qieAJDDg+YBsJcSmLGK9QpnUjAKVG/xefmvJGd1WUmfpT/g6AJGA=="
        }
      }
    },
    "@firebase/performance-types": {
      "version": "0.0.12",
      "resolved": "https://registry.npmjs.org/@firebase/performance-types/-/performance-types-0.0.12.tgz",
      "integrity": "sha512-eIDF7CHetOE5sc+hCaUebEn/2Aiaju7UkgZDTl7lNQHz5fK9wJ/11HaE8WdnDr//ngS3lQAGC2RB4lAZeEWraA=="
    },
    "@firebase/polyfill": {
      "version": "0.3.35",
      "resolved": "https://registry.npmjs.org/@firebase/polyfill/-/polyfill-0.3.35.tgz",
      "integrity": "sha512-O04KLyrHFXnA8Xsx+zEBlHu6iHWWhXNtOIE9WhWZO+D9onVjNEY3l7KtXvwpH/b+R1PE0Uyxy0cSGK9f5el6HQ==",
      "requires": {
        "core-js": "3.6.5",
        "promise-polyfill": "8.1.3",
        "whatwg-fetch": "2.0.4"
      },
      "dependencies": {
        "whatwg-fetch": {
          "version": "2.0.4",
          "resolved": "https://registry.npmjs.org/whatwg-fetch/-/whatwg-fetch-2.0.4.tgz",
          "integrity": "sha512-dcQ1GWpOD/eEQ97k66aiEVpNnapVj90/+R+SXTPYGHpYBBypfKJEQjLrvMZ7YXbKm21gXd4NcuxUTjiv1YtLng=="
        }
      }
    },
    "@firebase/remote-config": {
      "version": "0.1.20",
      "resolved": "https://registry.npmjs.org/@firebase/remote-config/-/remote-config-0.1.20.tgz",
      "integrity": "sha512-7ib4YhhQ/yjEhMiFsYEt4lId+9mzv5CGhGccArmgCyTNSkeImS/BqAeqcOtveyFXHSv9RDHaA4/L6066LsudRQ==",
      "requires": {
        "@firebase/component": "0.1.11",
        "@firebase/installations": "0.4.9",
        "@firebase/logger": "0.2.3",
        "@firebase/remote-config-types": "0.1.8",
        "@firebase/util": "0.2.46",
        "tslib": "1.11.1"
      },
      "dependencies": {
        "tslib": {
          "version": "1.11.1",
          "resolved": "https://registry.npmjs.org/tslib/-/tslib-1.11.1.tgz",
          "integrity": "sha512-aZW88SY8kQbU7gpV19lN24LtXh/yD4ZZg6qieAJDDg+YBsJcSmLGK9QpnUjAKVG/xefmvJGd1WUmfpT/g6AJGA=="
        }
      }
    },
    "@firebase/remote-config-types": {
      "version": "0.1.8",
      "resolved": "https://registry.npmjs.org/@firebase/remote-config-types/-/remote-config-types-0.1.8.tgz",
      "integrity": "sha512-K12IBHO7OD4gCW0FEqZL9zMqVAfS4+joC4YIn3bHezZfu3RL+Bw1wCb0cAD7RfDPcQxWJjxOHpce4YhuqSxPFA=="
    },
    "@firebase/storage": {
      "version": "0.3.33",
      "resolved": "https://registry.npmjs.org/@firebase/storage/-/storage-0.3.33.tgz",
      "integrity": "sha512-pFhsy+LglBjyVAYd6LlyUTeHTXR4yV24eL+fLZCYOE3W23Ago/3RpkX+MaEP5ZSpdFmnV/H6R6qDClSFx1EEYA==",
      "requires": {
        "@firebase/component": "0.1.11",
        "@firebase/storage-types": "0.3.11",
        "@firebase/util": "0.2.46",
        "tslib": "1.11.1"
      },
      "dependencies": {
        "tslib": {
          "version": "1.11.1",
          "resolved": "https://registry.npmjs.org/tslib/-/tslib-1.11.1.tgz",
          "integrity": "sha512-aZW88SY8kQbU7gpV19lN24LtXh/yD4ZZg6qieAJDDg+YBsJcSmLGK9QpnUjAKVG/xefmvJGd1WUmfpT/g6AJGA=="
        }
      }
    },
    "@firebase/storage-types": {
      "version": "0.3.11",
      "resolved": "https://registry.npmjs.org/@firebase/storage-types/-/storage-types-0.3.11.tgz",
      "integrity": "sha512-EMOo5aeiJIa8eQ/VqjIa/DYlDcEJX1V84FOxmLfNWZIlmCSvcqx9E9mcNlOnoUB4iePqQjTMQRtKlIBvvEVhVg=="
    },
    "@firebase/util": {
      "version": "0.2.46",
      "resolved": "https://registry.npmjs.org/@firebase/util/-/util-0.2.46.tgz",
      "integrity": "sha512-rKzQRc7YAbve+MECliis5ac6lRB1AZgOyZdoAbXaEtmGWUwnlM99uNhCekA963CaBkzlHwQG2inLf3WGW7nLFA==",
      "requires": {
        "tslib": "1.11.1"
      },
      "dependencies": {
        "tslib": {
          "version": "1.11.1",
          "resolved": "https://registry.npmjs.org/tslib/-/tslib-1.11.1.tgz",
          "integrity": "sha512-aZW88SY8kQbU7gpV19lN24LtXh/yD4ZZg6qieAJDDg+YBsJcSmLGK9QpnUjAKVG/xefmvJGd1WUmfpT/g6AJGA=="
        }
      }
    },
    "@firebase/webchannel-wrapper": {
      "version": "0.2.40",
      "resolved": "https://registry.npmjs.org/@firebase/webchannel-wrapper/-/webchannel-wrapper-0.2.40.tgz",
      "integrity": "sha512-f0jc79nQvwcwhOGFAD9b5K55Cb/a0A7LKBdRyQgVFLBGm+MuSFF5Rm/5Ll8/u72hJhbdICQj+xYl2uIuCMdXFQ=="
    },
    "@grpc/grpc-js": {
      "version": "0.8.1",
      "resolved": "https://registry.npmjs.org/@grpc/grpc-js/-/grpc-js-0.8.1.tgz",
      "integrity": "sha512-e8gSjRZnOUefsR3obOgxG9RtYW2Mw83hh7ogE2ByCdgRhoX0mdnJwBcZOami3E0l643KCTZvORFwfSEi48KFIQ==",
      "requires": {
        "semver": "^6.2.0"
      },
      "dependencies": {
        "semver": {
          "version": "6.3.0",
          "resolved": "https://registry.npmjs.org/semver/-/semver-6.3.0.tgz",
          "integrity": "sha512-b39TBaTSfV6yBrapU89p5fKekE2m/NwnDocOVruQFS1/veMgdzuPcnOM34M6CwxW8jH/lxEa5rBoDeUwu5HHTw=="
        }
      }
    },
    "@grpc/proto-loader": {
      "version": "0.5.4",
      "resolved": "https://registry.npmjs.org/@grpc/proto-loader/-/proto-loader-0.5.4.tgz",
      "integrity": "sha512-HTM4QpI9B2XFkPz7pjwMyMgZchJ93TVkL3kWPW8GDMDKYxsMnmf4w2TNMJK7+KNiYHS5cJrCEAFlF+AwtXWVPA==",
      "requires": {
        "lodash.camelcase": "^4.3.0",
        "protobufjs": "^6.8.6"
      }
    },
    "@hapi/b64": {
      "version": "5.0.0",
      "resolved": "https://registry.npmjs.org/@hapi/b64/-/b64-5.0.0.tgz",
      "integrity": "sha512-ngu0tSEmrezoiIaNGG6rRvKOUkUuDdf4XTPnONHGYfSGRmDqPZX5oJL6HAdKTo1UQHECbdB4OzhWrfgVppjHUw==",
      "requires": {
        "@hapi/hoek": "9.x.x"
      }
    },
    "@hapi/boom": {
      "version": "9.1.0",
      "resolved": "https://registry.npmjs.org/@hapi/boom/-/boom-9.1.0.tgz",
      "integrity": "sha512-4nZmpp4tXbm162LaZT45P7F7sgiem8dwAh2vHWT6XX24dozNjGMg6BvKCRvtCUcmcXqeMIUqWN8Rc5X8yKuROQ==",
      "requires": {
        "@hapi/hoek": "9.x.x"
      }
    },
    "@hapi/bourne": {
      "version": "2.0.0",
      "resolved": "https://registry.npmjs.org/@hapi/bourne/-/bourne-2.0.0.tgz",
      "integrity": "sha512-WEezM1FWztfbzqIUbsDzFRVMxSoLy3HugVcux6KDDtTqzPsLE8NDRHfXvev66aH1i2oOKKar3/XDjbvh/OUBdg=="
    },
    "@hapi/cryptiles": {
      "version": "5.0.0",
      "resolved": "https://registry.npmjs.org/@hapi/cryptiles/-/cryptiles-5.0.0.tgz",
      "integrity": "sha512-Yq43ti9N51Z7jbm0Q7YVCcofA+4Gh5wsBX/jZ++Z+FM8GYfBQ1WmI9ufZSL+BVX8vRxzDkdQ2fKoG6cxOQlnVQ==",
      "requires": {
        "@hapi/boom": "9.x.x"
      }
    },
    "@hapi/hoek": {
      "version": "9.0.4",
      "resolved": "https://registry.npmjs.org/@hapi/hoek/-/hoek-9.0.4.tgz",
      "integrity": "sha512-EwaJS7RjoXUZ2cXXKZZxZqieGtc7RbvQhUy8FwDoMQtxWVi14tFjeFCYPZAM1mBCpOpiBpyaZbb9NeHc7eGKgw=="
    },
    "@hapi/iron": {
      "version": "6.0.0",
      "resolved": "https://registry.npmjs.org/@hapi/iron/-/iron-6.0.0.tgz",
      "integrity": "sha512-zvGvWDufiTGpTJPG1Y/McN8UqWBu0k/xs/7l++HVU535NLHXsHhy54cfEMdW7EjwKfbBfM9Xy25FmTiobb7Hvw==",
      "requires": {
        "@hapi/b64": "5.x.x",
        "@hapi/boom": "9.x.x",
        "@hapi/bourne": "2.x.x",
        "@hapi/cryptiles": "5.x.x",
        "@hapi/hoek": "9.x.x"
      }
    },
    "@next/env": {
      "version": "13.0.3",
      "resolved": "https://registry.npmjs.org/@next/env/-/env-13.0.3.tgz",
      "integrity": "sha512-/4WzeG61Ot/PxsghXkSqQJ6UohFfwXoZ3dtsypmR9EBP+OIax9JRq0trq8Z/LCT9Aq4JbihVkaazRWguORjTAw=="
    },
    "@next/swc-android-arm-eabi": {
      "version": "13.0.3",
      "resolved": "https://registry.npmjs.org/@next/swc-android-arm-eabi/-/swc-android-arm-eabi-13.0.3.tgz",
      "integrity": "sha512-uxfUoj65CdFc1gX2q7GtBX3DhKv9Kn343LMqGNvXyuTpYTGMmIiVY7b9yF8oLWRV0gVKqhZBZifUmoPE8SJU6Q==",
      "optional": true
    },
    "@next/swc-android-arm64": {
      "version": "13.0.3",
      "resolved": "https://registry.npmjs.org/@next/swc-android-arm64/-/swc-android-arm64-13.0.3.tgz",
      "integrity": "sha512-t2k+WDfg7Cq2z/EnalKGsd/9E5F4Hdo1xu+UzZXYDpKUI9zgE6Bz8ajQb8m8txv3qOaWdKuDa5j5ziq9Acd1Xw==",
      "optional": true
    },
    "@next/swc-darwin-arm64": {
      "version": "13.0.3",
      "resolved": "https://registry.npmjs.org/@next/swc-darwin-arm64/-/swc-darwin-arm64-13.0.3.tgz",
      "integrity": "sha512-wV6j6SZ1bc/YHOLCLk9JVqaZTCCey6HBV7inl2DriHsHqIcO6F3+QiYf0KXwRP9BE0GSZZrYd5mZQm2JPTHdJA==",
      "optional": true
    },
    "@next/swc-darwin-x64": {
      "version": "13.0.3",
      "resolved": "https://registry.npmjs.org/@next/swc-darwin-x64/-/swc-darwin-x64-13.0.3.tgz",
      "integrity": "sha512-jaI2CMuYWvUtRixV3AIjUhnxUDU1FKOR+8hADMhYt3Yz+pCKuj4RZ0n0nY5qUf3qT1AtvnJXEgyatSFJhSp/wQ==",
      "optional": true
    },
    "@next/swc-freebsd-x64": {
      "version": "13.0.3",
      "resolved": "https://registry.npmjs.org/@next/swc-freebsd-x64/-/swc-freebsd-x64-13.0.3.tgz",
      "integrity": "sha512-nbyT0toBTJrcj5TCB9pVnQpGJ3utGyQj4CWegZs1ulaeUQ5Z7CS/qt8nRyYyOKYHtOdSCJ9Nw5F/RgKNkdpOdw==",
      "optional": true
    },
    "@next/swc-linux-arm-gnueabihf": {
      "version": "13.0.3",
      "resolved": "https://registry.npmjs.org/@next/swc-linux-arm-gnueabihf/-/swc-linux-arm-gnueabihf-13.0.3.tgz",
      "integrity": "sha512-1naLxYvRUQCoFCU1nMkcQueRc0Iux9xBv1L5pzH2ejtIWFg8BrSgyuluJG4nyAhFCx4WG863IEIkAaefOowVdA==",
      "optional": true
    },
    "@next/swc-linux-arm64-gnu": {
      "version": "13.0.3",
      "resolved": "https://registry.npmjs.org/@next/swc-linux-arm64-gnu/-/swc-linux-arm64-gnu-13.0.3.tgz",
      "integrity": "sha512-3Z4A8JkuGWpMVbUhUPQInK/SLY+kijTT78Q/NZCrhLlyvwrVxaQALJNlXzxDLraUgv4oVH0Wz/FIw1W9PUUhxA==",
      "optional": true
    },
    "@next/swc-linux-arm64-musl": {
      "version": "13.0.3",
      "resolved": "https://registry.npmjs.org/@next/swc-linux-arm64-musl/-/swc-linux-arm64-musl-13.0.3.tgz",
      "integrity": "sha512-MoYe9SM40UaunTjC+01c9OILLH3uSoeri58kDMu3KF/EFEvn1LZ6ODeDj+SLGlAc95wn46hrRJS2BPmDDE+jFQ==",
      "optional": true
    },
    "@next/swc-linux-x64-gnu": {
      "version": "13.0.3",
      "resolved": "https://registry.npmjs.org/@next/swc-linux-x64-gnu/-/swc-linux-x64-gnu-13.0.3.tgz",
      "integrity": "sha512-z22T5WGnRanjLMXdF0NaNjSpBlEzzY43t5Ysp3nW1oI6gOkub6WdQNZeHIY7A2JwkgSWZmtjLtf+Fzzz38LHeQ==",
      "optional": true
    },
    "@next/swc-linux-x64-musl": {
      "version": "13.0.3",
      "resolved": "https://registry.npmjs.org/@next/swc-linux-x64-musl/-/swc-linux-x64-musl-13.0.3.tgz",
      "integrity": "sha512-ZOMT7zjBFmkusAtr47k8xs/oTLsNlTH6xvYb+iux7yly2hZGwhfBLzPGBsbeMZukZ96IphJTagT+C033s6LNVA==",
      "optional": true
    },
    "@next/swc-win32-arm64-msvc": {
      "version": "13.0.3",
      "resolved": "https://registry.npmjs.org/@next/swc-win32-arm64-msvc/-/swc-win32-arm64-msvc-13.0.3.tgz",
      "integrity": "sha512-Q4BM16Djl+Oah9UdGrvjFYgoftYB2jNd+rtRGPX5Mmxo09Ry/KiLbOZnoUyoIxKc1xPyfqMXuaVsAFQLYs0KEQ==",
      "optional": true
    },
    "@next/swc-win32-ia32-msvc": {
      "version": "13.0.3",
      "resolved": "https://registry.npmjs.org/@next/swc-win32-ia32-msvc/-/swc-win32-ia32-msvc-13.0.3.tgz",
      "integrity": "sha512-Sa8yGkNeRUsic8Qjf7MLIAfP0p0+einK/wIqJ8UO1y76j+8rRQu42AMs5H4Ax1fm9GEYq6I8njHtY59TVpTtGQ==",
      "optional": true
    },
    "@next/swc-win32-x64-msvc": {
      "version": "13.0.3",
      "resolved": "https://registry.npmjs.org/@next/swc-win32-x64-msvc/-/swc-win32-x64-msvc-13.0.3.tgz",
      "integrity": "sha512-IAptmSqA7k4tQzaw2NAkoEjj3+Dz9ceuvlEHwYh770MMDL4V0ku2m+UHrmn5HUCEDHhgwwjg2nyf6728q2jr1w==",
      "optional": true
    },
    "@protobufjs/aspromise": {
      "version": "1.1.2",
      "resolved": "https://registry.npmjs.org/@protobufjs/aspromise/-/aspromise-1.1.2.tgz",
      "integrity": "sha1-m4sMxmPWaafY9vXQiToU00jzD78="
    },
    "@protobufjs/base64": {
      "version": "1.1.2",
      "resolved": "https://registry.npmjs.org/@protobufjs/base64/-/base64-1.1.2.tgz",
      "integrity": "sha512-AZkcAA5vnN/v4PDqKyMR5lx7hZttPDgClv83E//FMNhR2TMcLUhfRUBHCmSl0oi9zMgDDqRUJkSxO3wm85+XLg=="
    },
    "@protobufjs/codegen": {
      "version": "2.0.4",
      "resolved": "https://registry.npmjs.org/@protobufjs/codegen/-/codegen-2.0.4.tgz",
      "integrity": "sha512-YyFaikqM5sH0ziFZCN3xDC7zeGaB/d0IUb9CATugHWbd1FRFwWwt4ld4OYMPWu5a3Xe01mGAULCdqhMlPl29Jg=="
    },
    "@protobufjs/eventemitter": {
      "version": "1.1.0",
      "resolved": "https://registry.npmjs.org/@protobufjs/eventemitter/-/eventemitter-1.1.0.tgz",
      "integrity": "sha1-NVy8mLr61ZePntCV85diHx0Ga3A="
    },
    "@protobufjs/fetch": {
      "version": "1.1.0",
      "resolved": "https://registry.npmjs.org/@protobufjs/fetch/-/fetch-1.1.0.tgz",
      "integrity": "sha1-upn7WYYUr2VwDBYZ/wbUVLDYTEU=",
      "requires": {
        "@protobufjs/aspromise": "^1.1.1",
        "@protobufjs/inquire": "^1.1.0"
      }
    },
    "@protobufjs/float": {
      "version": "1.0.2",
      "resolved": "https://registry.npmjs.org/@protobufjs/float/-/float-1.0.2.tgz",
      "integrity": "sha1-Xp4avctz/Ap8uLKR33jIy9l7h9E="
    },
    "@protobufjs/inquire": {
      "version": "1.1.0",
      "resolved": "https://registry.npmjs.org/@protobufjs/inquire/-/inquire-1.1.0.tgz",
      "integrity": "sha1-/yAOPnzyQp4tyvwRQIKOjMY48Ik="
    },
    "@protobufjs/path": {
      "version": "1.1.2",
      "resolved": "https://registry.npmjs.org/@protobufjs/path/-/path-1.1.2.tgz",
      "integrity": "sha1-bMKyDFya1q0NzP0hynZz2Nf79o0="
    },
    "@protobufjs/pool": {
      "version": "1.1.0",
      "resolved": "https://registry.npmjs.org/@protobufjs/pool/-/pool-1.1.0.tgz",
      "integrity": "sha1-Cf0V8tbTq/qbZbw2ZQbWrXhG/1Q="
    },
    "@protobufjs/utf8": {
      "version": "1.1.0",
      "resolved": "https://registry.npmjs.org/@protobufjs/utf8/-/utf8-1.1.0.tgz",
      "integrity": "sha1-p3c2C1s5oaLlEG+OhY8v0tBgxXA="
    },
    "@swc/helpers": {
      "version": "0.4.11",
      "resolved": "https://registry.npmjs.org/@swc/helpers/-/helpers-0.4.11.tgz",
      "integrity": "sha512-rEUrBSGIoSFuYxwBYtlUFMlE2CwGhmW+w9355/5oduSw8e5h2+Tj4UrAGNNgP9915++wj5vkQo0UuOBqOAq4nw==",
      "requires": {
        "tslib": "^2.4.0"
      }
    },
    "@types/long": {
      "version": "4.0.1",
      "resolved": "https://registry.npmjs.org/@types/long/-/long-4.0.1.tgz",
      "integrity": "sha512-5tXH6Bx/kNGd3MgffdmP4dy2Z+G4eaXw0SE81Tq3BNadtnMR5/ySMzX4SLEzHJzSmPNn4HIdpQsBvXMUykr58w=="
    },
    "@types/node": {
      "version": "13.13.5",
      "resolved": "https://registry.npmjs.org/@types/node/-/node-13.13.5.tgz",
      "integrity": "sha512-3ySmiBYJPqgjiHA7oEaIo2Rzz0HrOZ7yrNO5HWyaE5q0lQ3BppDZ3N53Miz8bw2I7gh1/zir2MGVZBvpb1zq9g=="
    },
    "caniuse-lite": {
      "version": "1.0.30001431",
      "resolved": "https://registry.npmjs.org/caniuse-lite/-/caniuse-lite-1.0.30001431.tgz",
      "integrity": "sha512-zBUoFU0ZcxpvSt9IU66dXVT/3ctO1cy4y9cscs1szkPlcWb6pasYM144GqrUygUbT+k7cmUCW61cvskjcv0enQ=="
    },
    "client-only": {
      "version": "0.0.1",
      "resolved": "https://registry.npmjs.org/client-only/-/client-only-0.0.1.tgz",
      "integrity": "sha512-IV3Ou0jSMzZrd3pZ48nLkT9DA7Ag1pnPzaiQhpW7c3RbcqqzvzzVu+L8gfqMp/8IM2MQtSiqaCxrrcfu8I8rMA=="
    },
    "clone": {
      "version": "2.1.2",
      "resolved": "https://registry.npmjs.org/clone/-/clone-2.1.2.tgz",
      "integrity": "sha1-G39Ln1kfHo+DZwQBYANFoCiHQ18="
    },
    "cookie": {
      "version": "0.4.1",
      "resolved": "https://registry.npmjs.org/cookie/-/cookie-0.4.1.tgz",
      "integrity": "sha512-ZwrFkGJxUR3EIoXtO+yVE69Eb7KlixbaeAWfBQB9vVsNn/o+Yw69gBWSSDK825hQNdN+wF8zELf3dFNl/kxkUA=="
    },
    "core-js": {
      "version": "3.6.5",
      "resolved": "https://registry.npmjs.org/core-js/-/core-js-3.6.5.tgz",
      "integrity": "sha512-vZVEEwZoIsI+vPEuoF9Iqf5H7/M3eeQqWlQnYa8FSKKePuYTf5MWnxb5SDAzCa60b3JBRS5g9b+Dq7b1y/RCrA=="
    },
    "debug": {
      "version": "4.1.1",
      "resolved": "https://registry.npmjs.org/debug/-/debug-4.1.1.tgz",
      "integrity": "sha512-pYAIzeRo8J6KPEaJ0VWOh5Pzkbw/RetuzehGM7QRRX5he4fPHx2rdKMB256ehJCkX+XRQm16eZLqLNS8RSZXZw==",
      "requires": {
        "ms": "^2.1.1"
      }
    },
    "dom-storage": {
      "version": "2.1.0",
      "resolved": "https://registry.npmjs.org/dom-storage/-/dom-storage-2.1.0.tgz",
      "integrity": "sha512-g6RpyWXzl0RR6OTElHKBl7nwnK87GUyZMYC7JWsB/IA73vpqK2K6LT39x4VepLxlSsWBFrPVLnsSR5Jyty0+2Q=="
    },
    "dotenv": {
      "version": "8.2.0",
      "resolved": "https://registry.npmjs.org/dotenv/-/dotenv-8.2.0.tgz",
      "integrity": "sha512-8sJ78ElpbDJBHNeBzUbUVLsqKdccaa/BXF1uPTw3GrvQTBgrQrtObr2mUrE38vzYd8cEv+m/JBfDLioYcfXoaw=="
    },
    "encoding": {
      "version": "0.1.12",
      "resolved": "https://registry.npmjs.org/encoding/-/encoding-0.1.12.tgz",
      "integrity": "sha1-U4tm8+5izRq1HsMjgp0flIDHS+s=",
      "requires": {
        "iconv-lite": "~0.4.13"
      }
    },
    "faye-websocket": {
      "version": "0.11.3",
      "resolved": "https://registry.npmjs.org/faye-websocket/-/faye-websocket-0.11.3.tgz",
      "integrity": "sha512-D2y4bovYpzziGgbHYtGCMjlJM36vAl/y+xUyn1C+FVx8szd1E+86KwVw6XvYSzOP8iMpm1X0I4xJD+QtUb36OA==",
      "requires": {
        "websocket-driver": ">=0.5.1"
      }
    },
    "firebase": {
      "version": "7.14.3",
      "resolved": "https://registry.npmjs.org/firebase/-/firebase-7.14.3.tgz",
      "integrity": "sha512-qExwE/vhf/l6Mf8ES3IFX1SB6/DysKPtvrIWnIuswmRMeSA9eERwrqp4Pom4NHhzjBP1jOmlIPKeOplsNwMlOQ==",
      "requires": {
        "@firebase/analytics": "0.3.4",
        "@firebase/app": "0.6.3",
        "@firebase/app-types": "0.6.0",
        "@firebase/auth": "0.14.5",
        "@firebase/database": "0.6.2",
        "@firebase/firestore": "1.14.3",
        "@firebase/functions": "0.4.43",
        "@firebase/installations": "0.4.9",
        "@firebase/messaging": "0.6.15",
        "@firebase/performance": "0.3.3",
        "@firebase/polyfill": "0.3.35",
        "@firebase/remote-config": "0.1.20",
        "@firebase/storage": "0.3.33",
        "@firebase/util": "0.2.46"
      }
    },
    "http-parser-js": {
      "version": "0.4.10",
      "resolved": "https://registry.npmjs.org/http-parser-js/-/http-parser-js-0.4.10.tgz",
      "integrity": "sha1-ksnBN0w1CF912zWexWzCV8u5P6Q="
    },
    "iconv-lite": {
      "version": "0.4.24",
      "resolved": "https://registry.npmjs.org/iconv-lite/-/iconv-lite-0.4.24.tgz",
      "integrity": "sha512-v3MXnZAcvnywkTUEZomIActle7RXXeedOR31wwl7VlyoXO4Qi9arvSenNQWne1TcRwhCL1HwLI21bEqdpj8/rA==",
      "requires": {
        "safer-buffer": ">= 2.1.2 < 3"
      }
    },
    "idb": {
      "version": "3.0.2",
      "resolved": "https://registry.npmjs.org/idb/-/idb-3.0.2.tgz",
      "integrity": "sha512-+FLa/0sTXqyux0o6C+i2lOR0VoS60LU/jzUo5xjfY6+7sEEgy4Gz1O7yFBXvjd7N0NyIGWIRg8DcQSLEG+VSPw=="
    },
    "iron-store": {
      "version": "1.3.0",
      "resolved": "https://registry.npmjs.org/iron-store/-/iron-store-1.3.0.tgz",
      "integrity": "sha512-Ics0Xy/1TTjOhZFLkarOpWfXp4TJ7foiKBFC/aXJH1bKwafNKrEhrHNeHyA/Jqx57tlhpIbGoNC3RUB+rRIz8Q==",
      "requires": {
        "@hapi/iron": "^6.0.0",
        "clone": "^2.1.2"
      }
    },
    "is-stream": {
      "version": "1.1.0",
      "resolved": "https://registry.npmjs.org/is-stream/-/is-stream-1.1.0.tgz",
      "integrity": "sha1-EtSj3U5o4Lec6428hBc66A2RykQ="
    },
    "isomorphic-fetch": {
      "version": "2.2.1",
      "resolved": "https://registry.npmjs.org/isomorphic-fetch/-/isomorphic-fetch-2.2.1.tgz",
      "integrity": "sha1-YRrhrPFPXoH3KVB0coGf6XM1WKk=",
      "requires": {
        "node-fetch": "^1.0.1",
        "whatwg-fetch": ">=0.10.0"
      },
      "dependencies": {
        "node-fetch": {
          "version": "1.7.3",
          "resolved": "https://registry.npmjs.org/node-fetch/-/node-fetch-1.7.3.tgz",
          "integrity": "sha512-NhZ4CsKx7cYm2vSrBAr2PvFOe6sWDf0UYLRqA6svUYg7+/TSfVAu49jYC4BvQ4Sms9SZgdqGBgroqfDhJdTyKQ==",
          "requires": {
            "encoding": "^0.1.11",
            "is-stream": "^1.0.1"
          }
        }
      }
    },
    "js-tokens": {
      "version": "4.0.0",
      "resolved": "https://registry.npmjs.org/js-tokens/-/js-tokens-4.0.0.tgz",
      "integrity": "sha512-RdJUflcE3cUzKiMqQgsCu06FPu9UdIJO0beYbPhHN4k6apgJtifcoCtT9bcxOpYBtpD2kCM6Sbzg4CausW/PKQ=="
    },
    "lodash.camelcase": {
      "version": "4.3.0",
      "resolved": "https://registry.npmjs.org/lodash.camelcase/-/lodash.camelcase-4.3.0.tgz",
      "integrity": "sha1-soqmKIorn8ZRA1x3EfZathkDMaY="
    },
    "long": {
      "version": "4.0.0",
      "resolved": "https://registry.npmjs.org/long/-/long-4.0.0.tgz",
      "integrity": "sha512-XsP+KhQif4bjX1kbuSiySJFNAehNxgLb6hPRGJ9QsUr8ajHkuXGdrHmFUTUUXhDwVX2R5bY4JNZEwbUiMhV+MA=="
    },
    "loose-envify": {
      "version": "1.4.0",
      "resolved": "https://registry.npmjs.org/loose-envify/-/loose-envify-1.4.0.tgz",
      "integrity": "sha512-lyuxPGr/Wfhrlem2CL/UcnUc1zcqKAImBDzukY7Y5F/yQiNdko6+fRLevlw1HgMySw7f611UIY408EtxRSoK3Q==",
      "requires": {
        "js-tokens": "^3.0.0 || ^4.0.0"
      }
    },
    "ms": {
      "version": "2.1.2",
      "resolved": "https://registry.npmjs.org/ms/-/ms-2.1.2.tgz",
      "integrity": "sha512-sGkPx+VjMtmA6MX27oA4FBFELFCZZ4S4XqeGOXCv68tT+jb3vk/RyaKWP0PTKyWtmLSM0b+adUTEvbs1PEaH2w=="
    },
    "nanoid": {
      "version": "3.3.4",
      "resolved": "https://registry.npmjs.org/nanoid/-/nanoid-3.3.4.tgz",
      "integrity": "sha512-MqBkQh/OHTS2egovRtLk45wEyNXwF+cokD+1YPf9u5VfJiRdAiRwB2froX5Co9Rh20xs4siNPm8naNotSD6RBw=="
    },
    "next": {
      "version": "13.0.3",
      "resolved": "https://registry.npmjs.org/next/-/next-13.0.3.tgz",
      "integrity": "sha512-rFQeepcenRxKzeKlh1CsmEnxsJwhIERtbUjmYnKZyDInZsU06lvaGw5DT44rlNp1Rv2MT/e9vffZ8vK+ytwXHA==",
      "requires": {
        "@next/env": "13.0.3",
        "@next/swc-android-arm-eabi": "13.0.3",
        "@next/swc-android-arm64": "13.0.3",
        "@next/swc-darwin-arm64": "13.0.3",
        "@next/swc-darwin-x64": "13.0.3",
        "@next/swc-freebsd-x64": "13.0.3",
        "@next/swc-linux-arm-gnueabihf": "13.0.3",
        "@next/swc-linux-arm64-gnu": "13.0.3",
        "@next/swc-linux-arm64-musl": "13.0.3",
        "@next/swc-linux-x64-gnu": "13.0.3",
        "@next/swc-linux-x64-musl": "13.0.3",
        "@next/swc-win32-arm64-msvc": "13.0.3",
        "@next/swc-win32-ia32-msvc": "13.0.3",
        "@next/swc-win32-x64-msvc": "13.0.3",
        "@swc/helpers": "0.4.11",
        "caniuse-lite": "^1.0.30001406",
        "postcss": "8.4.14",
        "styled-jsx": "5.1.0",
        "use-sync-external-store": "1.2.0"
      }
    },
    "next-iron-session": {
      "version": "4.1.2",
      "resolved": "https://registry.npmjs.org/next-iron-session/-/next-iron-session-4.1.2.tgz",
      "integrity": "sha512-zndHrkecprlVEKIaFHzw7T+MegdCOKKyhgudObIS1YVNUTUDgMiVO/0LtMs8wfM1IgF+pacBYyEHdxdnxrG46A==",
      "requires": {
        "clone": "^2.1.2",
        "cookie": "^0.4.0",
        "debug": "^4.1.1",
        "iron-store": "^1.3.0"
      }
    },
    "node-fetch": {
      "version": "2.6.0",
      "resolved": "https://registry.npmjs.org/node-fetch/-/node-fetch-2.6.0.tgz",
      "integrity": "sha512-8dG4H5ujfvFiqDmVu9fQ5bOHUC15JMjMY/Zumv26oOvvVJjM67KF8koCWIabKQ1GJIa9r2mMZscBq/TbdOcmNA=="
    },
    "object-assign": {
      "version": "4.1.1",
      "resolved": "https://registry.npmjs.org/object-assign/-/object-assign-4.1.1.tgz",
      "integrity": "sha1-IQmtx5ZYh8/AXLvUQsrIv7s2CGM="
    },
    "picocolors": {
      "version": "1.0.0",
      "resolved": "https://registry.npmjs.org/picocolors/-/picocolors-1.0.0.tgz",
      "integrity": "sha512-1fygroTLlHu66zi26VoTDv8yRgm0Fccecssto+MhsZ0D/DGW2sm8E8AjW7NU5VVTRt5GxbeZ5qBuJr+HyLYkjQ=="
    },
    "postcss": {
      "version": "8.4.14",
      "resolved": "https://registry.npmjs.org/postcss/-/postcss-8.4.14.tgz",
      "integrity": "sha512-E398TUmfAYFPBSdzgeieK2Y1+1cpdxJx8yXbK/m57nRhKSmk1GB2tO4lbLBtlkfPQTDKfe4Xqv1ASWPpayPEig==",
      "requires": {
        "nanoid": "^3.3.4",
        "picocolors": "^1.0.0",
        "source-map-js": "^1.0.2"
      }
    },
    "promise-polyfill": {
      "version": "8.1.3",
      "resolved": "https://registry.npmjs.org/promise-polyfill/-/promise-polyfill-8.1.3.tgz",
      "integrity": "sha512-MG5r82wBzh7pSKDRa9y+vllNHz3e3d4CNj1PQE4BQYxLme0gKYYBm9YENq+UkEikyZ0XbiGWxYlVw3Rl9O/U8g=="
    },
    "prop-types": {
      "version": "15.7.2",
      "resolved": "https://registry.npmjs.org/prop-types/-/prop-types-15.7.2.tgz",
      "integrity": "sha512-8QQikdH7//R2vurIJSutZ1smHYTcLpRWEOlHnzcWHmBYrOGUysKwSsrC89BCiFj3CbrfJ/nXFdJepOVrY1GCHQ==",
      "requires": {
        "loose-envify": "^1.4.0",
        "object-assign": "^4.1.1",
        "react-is": "^16.8.1"
      }
    },
    "protobufjs": {
      "version": "6.9.0",
      "resolved": "https://registry.npmjs.org/protobufjs/-/protobufjs-6.9.0.tgz",
      "integrity": "sha512-LlGVfEWDXoI/STstRDdZZKb/qusoAWUnmLg9R8OLSO473mBLWHowx8clbX5/+mKDEI+v7GzjoK9tRPZMMcoTrg==",
      "requires": {
        "@protobufjs/aspromise": "^1.1.2",
        "@protobufjs/base64": "^1.1.2",
        "@protobufjs/codegen": "^2.0.4",
        "@protobufjs/eventemitter": "^1.1.0",
        "@protobufjs/fetch": "^1.1.0",
        "@protobufjs/float": "^1.0.2",
        "@protobufjs/inquire": "^1.1.0",
        "@protobufjs/path": "^1.1.2",
        "@protobufjs/pool": "^1.1.0",
        "@protobufjs/utf8": "^1.1.0",
        "@types/long": "^4.0.1",
        "@types/node": "^13.7.0",
        "long": "^4.0.0"
      }
    },
    "react": {
      "version": "16.13.1",
      "resolved": "https://registry.npmjs.org/react/-/react-16.13.1.tgz",
      "integrity": "sha512-YMZQQq32xHLX0bz5Mnibv1/LHb3Sqzngu7xstSM+vrkE5Kzr9xE0yMByK5kMoTK30YVJE61WfbxIFFvfeDKT1w==",
      "requires": {
        "loose-envify": "^1.1.0",
        "object-assign": "^4.1.1",
        "prop-types": "^15.6.2"
      }
    },
    "react-dom": {
      "version": "16.13.1",
      "resolved": "https://registry.npmjs.org/react-dom/-/react-dom-16.13.1.tgz",
      "integrity": "sha512-81PIMmVLnCNLO/fFOQxdQkvEq/+Hfpv24XNJfpyZhTRfO0QcmQIF/PgCa1zCOj2w1hrn12MFLyaJ/G0+Mxtfag==",
      "requires": {
        "loose-envify": "^1.1.0",
        "object-assign": "^4.1.1",
        "prop-types": "^15.6.2",
        "scheduler": "^0.19.1"
      }
    },
    "react-is": {
      "version": "16.8.6",
      "resolved": "https://registry.npmjs.org/react-is/-/react-is-16.8.6.tgz",
      "integrity": "sha512-aUk3bHfZ2bRSVFFbbeVS4i+lNPZr3/WM5jT2J5omUVV1zzcs1nAaf3l51ctA5FFvCRbhrH0bdAsRRQddFJZPtA=="
    },
    "safe-buffer": {
      "version": "5.1.2",
      "resolved": "https://registry.npmjs.org/safe-buffer/-/safe-buffer-5.1.2.tgz",
      "integrity": "sha512-Gd2UZBJDkXlY7GbJxfsE8/nvKkUEU1G38c1siN6QP6a9PT9MmHB8GnpscSmMJSoF8LOIrt8ud/wPtojys4G6+g=="
    },
    "safer-buffer": {
      "version": "2.1.2",
      "resolved": "https://registry.npmjs.org/safer-buffer/-/safer-buffer-2.1.2.tgz",
      "integrity": "sha512-YZo3K82SD7Riyi0E1EQPojLz7kpepnSQI9IyPbHHg1XXXevb5dJI7tpyN2ADxGcQbHG7vcyRHk0cbwqcQriUtg=="
    },
    "scheduler": {
      "version": "0.19.1",
      "resolved": "https://registry.npmjs.org/scheduler/-/scheduler-0.19.1.tgz",
      "integrity": "sha512-n/zwRWRYSUj0/3g/otKDRPMh6qv2SYMWNq85IEa8iZyAv8od9zDYpGSnpBEjNgcMNq6Scbu5KfIPxNF72R/2EA==",
      "requires": {
        "loose-envify": "^1.1.0",
        "object-assign": "^4.1.1"
      }
    },
    "source-map-js": {
      "version": "1.0.2",
      "resolved": "https://registry.npmjs.org/source-map-js/-/source-map-js-1.0.2.tgz",
      "integrity": "sha512-R0XvVJ9WusLiqTCEiGCmICCMplcCkIwwR11mOSD9CR5u+IXYdiseeEuXCVAjS54zqwkLcPNnmU4OeJ6tUrWhDw=="
    },
    "styled-jsx": {
      "version": "5.1.0",
      "resolved": "https://registry.npmjs.org/styled-jsx/-/styled-jsx-5.1.0.tgz",
      "integrity": "sha512-/iHaRJt9U7T+5tp6TRelLnqBqiaIT0HsO0+vgyj8hK2KUk7aejFqRrumqPUlAqDwAj8IbS/1hk3IhBAAK/FCUQ==",
      "requires": {
        "client-only": "0.0.1"
      }
    },
    "swr": {
      "version": "0.2.0",
      "resolved": "https://registry.npmjs.org/swr/-/swr-0.2.0.tgz",
      "integrity": "sha512-8IZCdM0deUPhDiqOmyaj0BsnNjav1fu83nD0d07PEAzOHOn+lxcJOxwXeDBShwF6qCeZ8u8ab+a2yXkjD8yT3A==",
      "requires": {
        "fast-deep-equal": "2.0.1"
      },
      "dependencies": {
        "fast-deep-equal": {
          "version": "2.0.1",
          "resolved": "https://registry.npmjs.org/fast-deep-equal/-/fast-deep-equal-2.0.1.tgz",
          "integrity": "sha1-ewUhjd+WZ79/Nwv3/bLLFf3Qqkk="
        }
      }
    },
    "tslib": {
      "version": "2.4.1",
      "resolved": "https://registry.npmjs.org/tslib/-/tslib-2.4.1.tgz",
      "integrity": "sha512-tGyy4dAjRIEwI7BzsB0lynWgOpfqjUdq91XXAlIWD2OwKBH7oCl/GZG/HT4BOHrTlPMOASlMQ7veyTqpmRcrNA=="
    },
    "use-sync-external-store": {
      "version": "1.2.0",
      "resolved": "https://registry.npmjs.org/use-sync-external-store/-/use-sync-external-store-1.2.0.tgz",
      "integrity": "sha512-eEgnFxGQ1Ife9bzYs6VLi8/4X6CObHMw9Qr9tPY43iKwsPw8xE8+EFsf/2cFZ5S3esXgpWgtSCtLNS41F+sKPA=="
    },
    "websocket-driver": {
      "version": "0.7.3",
      "resolved": "https://registry.npmjs.org/websocket-driver/-/websocket-driver-0.7.3.tgz",
      "integrity": "sha512-bpxWlvbbB459Mlipc5GBzzZwhoZgGEZLuqPaR0INBGnPAY1vdBX6hPnoFXiw+3yWxDuHyQjO2oXTMyS8A5haFg==",
      "requires": {
        "http-parser-js": ">=0.4.0 <0.4.11",
        "safe-buffer": ">=5.1.0",
        "websocket-extensions": ">=0.1.1"
      }
    },
    "websocket-extensions": {
      "version": "0.1.3",
      "resolved": "https://registry.npmjs.org/websocket-extensions/-/websocket-extensions-0.1.3.tgz",
      "integrity": "sha512-nqHUnMXmBzT0w570r2JpJxfiSD1IzoI+HGVdd3aZ0yNi3ngvQ4jv1dtHt5VGxfI2yj5yqImPhOK4vmIh2xMbGg=="
    },
    "whatwg-fetch": {
      "version": "3.0.0",
      "resolved": "https://registry.npmjs.org/whatwg-fetch/-/whatwg-fetch-3.0.0.tgz",
      "integrity": "sha512-9GSJUgz1D4MfyKU7KRqwOjXCXTqWdFNvEr7eUBYchQiVc744mqK/MzXPNR2WsPkmkOa4ywfg8C2n8h+13Bey1Q=="
    },
    "xmlhttprequest": {
      "version": "1.8.0",
      "resolved": "https://registry.npmjs.org/xmlhttprequest/-/xmlhttprequest-1.8.0.tgz",
      "integrity": "sha1-Z/4HXFwk/vOfnWX197f+dRcZaPw="
    }
  }
}
